
Microsoft Visual Studio Solution File, Format Version 10.00
# Visual Studio 2008
Project("{FAE04EC0-301F-11D3-BF4B-00C04F79EFBC}") = "server_syn_console", "server_syn_console\server_syn_console.csproj", "{83976383-3EEC-42F5-8993-AE3F63B18074}"
EndProject
Project("{FAE04EC0-301F-11D3-BF4B-00C04F79EFBC}") = "ConsoleApplication1_client_threading", "ConsoleApplication1_client_threading\ConsoleApplication1_client_threading.csproj", "{341A80CF-4233-4406-9E5C-C01F15C4770C}"
EndProject
Project("{FAE04EC0-301F-11D3-BF4B-00C04F79EFBC}") = "ConsoleApplication1_access_kml_files", "ConsoleApplication1_access_kml_files\ConsoleApplication1_access_kml_files.csproj", "{BFC36EC7-CB38-47DF-840D-BB121C0ACDD6}"
EndProject
Project("{FAE04EC0-301F-11D3-BF4B-00C04F79EFBC}") = "random_ConsoleApplication1", "random_ConsoleApplication1\random_ConsoleApplication1.csproj", "{2FB1754A-4CA9-4076-B566-EE82FD29EB9F}"
EndProject
Global
	GlobalSection(SolutionConfigurationPlatforms) = preSolution
		Debug|Any CPU = Debug|Any CPU
		Release|Any CPU = Release|Any CPU
	EndGlobalSection
	GlobalSection(ProjectConfigurationPlatforms) = postSolution
		{83976383-3EEC-42F5-8993-AE3F63B18074}.Debug|Any CPU.ActiveCfg = Debug|Any CPU
		{83976383-3EEC-42F5-8993-AE3F63B18074}.Debug|Any CPU.Build.0 = Debug|Any CPU
		{83976383-3EEC-42F5-8993-AE3F63B18074}.Release|Any CPU.ActiveCfg = Release|Any CPU
		{83976383-3EEC-42F5-8993-AE3F63B18074}.Release|Any CPU.Build.0 = Release|Any CPU
		{341A80CF-4233-4406-9E5C-C01F15C4770C}.Debug|Any CPU.ActiveCfg = Debug|Any CPU
		{341A80CF-4233-4406-9E5C-C01F15C4770C}.Debug|Any CPU.Build.0 = Debug|Any CPU
		{341A80CF-4233-4406-9E5C-C01F15C4770C}.Release|Any CPU.ActiveCfg = Release|Any CPU
		{341A80CF-4233-4406-9E5C-C01F15C4770C}.Release|Any CPU.Build.0 = Release|Any CPU
		{BFC36EC7-CB38-47DF-840D-BB121C0ACDD6}.Debug|Any CPU.ActiveCfg = Debug|Any CPU
		{BFC36EC7-CB38-47DF-840D-BB121C0ACDD6}.Debug|Any CPU.Build.0 = Debug|Any CPU
		{BFC36EC7-CB38-47DF-840D-BB121C0ACDD6}.Release|Any CPU.ActiveCfg = Release|Any CPU
		{BFC36EC7-CB38-47DF-840D-BB121C0ACDD6}.Release|Any CPU.Build.0 = Release|Any CPU
		{2FB1754A-4CA9-4076-B566-EE82FD29EB9F}.Debug|Any CPU.ActiveCfg = Debug|Any CPU
		{2FB1754A-4CA9-4076-B566-EE82FD29EB9F}.Debug|Any CPU.Build.0 = Debug|Any CPU
		{2FB1754A-4CA9-4076-B566-EE82FD29EB9F}.Release|Any CPU.ActiveCfg = Release|Any CPU
		{2FB1754A-4CA9-4076-B566-EE82FD29EB9F}.Release|Any CPU.Build.0 = Release|Any CPU
	EndGlobalSection
	GlobalSection(SolutionProperties) = preSolution
		HideSolutionNode = FALSE
	EndGlobalSection
EndGlobal
