
Microsoft Visual Studio Solution File, Format Version 12.00
# Visual Studio 2012
Project("{FAE04EC0-301F-11D3-BF4B-00C04F79EFBC}") = "server_syn_console", "server_syn_console\server_syn_console.csproj", "{83976383-3EEC-42F5-8993-AE3F63B18074}"
EndProject
Project("{FAE04EC0-301F-11D3-BF4B-00C04F79EFBC}") = "ConsoleApplication1_client_threading", "ConsoleApplication1_client_threading\ConsoleApplication1_client_threading.csproj", "{341A80CF-4233-4406-9E5C-C01F15C4770C}"
EndProject
Project("{FAE04EC0-301F-11D3-BF4B-00C04F79EFBC}") = "ConsoleApplication1_access_kml_files", "ConsoleApplication1_access_kml_files\ConsoleApplication1_access_kml_files.csproj", "{BFC36EC7-CB38-47DF-840D-BB121C0ACDD6}"
EndProject
Project("{FAE04EC0-301F-11D3-BF4B-00C04F79EFBC}") = "WindowsFormsApplication1__gps_log_export", "WindowsFormsApplication1__gps_log_export\WindowsFormsApplication1__gps_log_export.csproj", "{438EFEC6-60FC-4A13-B2D6-581A7CAB0504}"
EndProject
Project("{FAE04EC0-301F-11D3-BF4B-00C04F79EFBC}") = "ConsoleApplication1_asyn_tcp_client", "ConsoleApplication1_asyn_tcp_client\ConsoleApplication1_asyn_tcp_client.csproj", "{18D6D414-2068-4E31-898D-29BF140A5174}"
EndProject
Project("{FAE04EC0-301F-11D3-BF4B-00C04F79EFBC}") = "ConsoleApplication1_asyn_tcp_server", "ConsoleApplication1_asyn_tcp_server\ConsoleApplication1_asyn_tcp_server.csproj", "{7596E900-49A6-404A-934B-F94AD8A1E128}"
EndProject
Project("{FAE04EC0-301F-11D3-BF4B-00C04F79EFBC}") = "ConsoleApplication1LogEveryXMinuteTest", "ConsoleApplication1LogEveryXMinuteTest\ConsoleApplication1LogEveryXMinuteTest.csproj", "{9EDBAC78-4631-4BB7-B178-2412D9D2697B}"
EndProject
Project("{FAE04EC0-301F-11D3-BF4B-00C04F79EFBC}") = "timer_test", "timer_test\timer_test.csproj", "{9764B8B3-28F1-4872-B5B4-72D7CD3490D0}"
EndProject
Project("{FAE04EC0-301F-11D3-BF4B-00C04F79EFBC}") = "WindowsServiceUNSClientThreading", "WindowsServiceUNSClientThreading\WindowsServiceUNSClientThreading.csproj", "{706DD18D-EB7F-4C46-BFF0-54E539E0FAE6}"
EndProject
Project("{FAE04EC0-301F-11D3-BF4B-00C04F79EFBC}") = "PostgresqlTest", "PostgresqlTest\PostgresqlTest.csproj", "{523E096B-B4C7-4CB0-9FED-80520CE1D9E2}"
EndProject
Project("{FAE04EC0-301F-11D3-BF4B-00C04F79EFBC}") = "unsPowerOnCount", "unsPowerOnCount\unsPowerOnCount.csproj", "{B9F564B4-E595-42C7-94B0-ACCED046AB3B}"
EndProject
Project("{FAE04EC0-301F-11D3-BF4B-00C04F79EFBC}") = "WhatsUpSqlClient", "WhatsUpSqlClient\WhatsUpSqlClient.csproj", "{3C92FA55-2C03-4A7A-B31C-010AE5C266BB}"
EndProject
Project("{FAE04EC0-301F-11D3-BF4B-00C04F79EFBC}") = "unsAtiaTrigger", "unsAtiaTrigger\unsAtiaTrigger.csproj", "{64550021-3C34-4513-9123-943430EE6F0F}"
EndProject
Project("{840C416C-B8F3-42BC-B0DD-F6BB14C9F8CB}") = "SetupUNS_advinst", "SetupUNS_advinst\SetupUNS_advinst.aiproj", "{B09A553B-337A-4C80-BE7E-A5E420B88208}"
EndProject
Project("{FAE04EC0-301F-11D3-BF4B-00C04F79EFBC}") = "test", "test\test.csproj", "{5F40C65E-6936-40B6-BF98-1004523F05C4}"
EndProject
Project("{FAE04EC0-301F-11D3-BF4B-00C04F79EFBC}") = "netmq_test", "netmq_test\netmq_test.csproj", "{4C3C2483-8C08-4698-B7DD-541BDF8C104A}"
EndProject
Project("{FAE04EC0-301F-11D3-BF4B-00C04F79EFBC}") = "unsLogSystem", "unsLogSystem\unsLogSystem.csproj", "{5F6CB577-FFE9-41CC-8D10-3E6FD9B23B31}"
EndProject
Global
	GlobalSection(SolutionConfigurationPlatforms) = preSolution
		Debug|Any CPU = Debug|Any CPU
		Debug|x64 = Debug|x64
		Debug|x86 = Debug|x86
		Release|Any CPU = Release|Any CPU
		Release|x64 = Release|x64
		Release|x86 = Release|x86
	EndGlobalSection
	GlobalSection(ProjectConfigurationPlatforms) = postSolution
		{83976383-3EEC-42F5-8993-AE3F63B18074}.Debug|Any CPU.ActiveCfg = Debug|Any CPU
		{83976383-3EEC-42F5-8993-AE3F63B18074}.Debug|Any CPU.Build.0 = Debug|Any CPU
		{83976383-3EEC-42F5-8993-AE3F63B18074}.Debug|x64.ActiveCfg = Debug|Any CPU
		{83976383-3EEC-42F5-8993-AE3F63B18074}.Debug|x86.ActiveCfg = Debug|Any CPU
		{83976383-3EEC-42F5-8993-AE3F63B18074}.Release|Any CPU.ActiveCfg = Release|Any CPU
		{83976383-3EEC-42F5-8993-AE3F63B18074}.Release|Any CPU.Build.0 = Release|Any CPU
		{83976383-3EEC-42F5-8993-AE3F63B18074}.Release|x64.ActiveCfg = Release|Any CPU
		{83976383-3EEC-42F5-8993-AE3F63B18074}.Release|x86.ActiveCfg = Release|Any CPU
		{341A80CF-4233-4406-9E5C-C01F15C4770C}.Debug|Any CPU.ActiveCfg = Debug|Any CPU
		{341A80CF-4233-4406-9E5C-C01F15C4770C}.Debug|Any CPU.Build.0 = Debug|Any CPU
		{341A80CF-4233-4406-9E5C-C01F15C4770C}.Debug|x64.ActiveCfg = Debug|x64
		{341A80CF-4233-4406-9E5C-C01F15C4770C}.Debug|x64.Build.0 = Debug|x64
		{341A80CF-4233-4406-9E5C-C01F15C4770C}.Debug|x86.ActiveCfg = Debug|x86
		{341A80CF-4233-4406-9E5C-C01F15C4770C}.Debug|x86.Build.0 = Debug|x86
		{341A80CF-4233-4406-9E5C-C01F15C4770C}.Release|Any CPU.ActiveCfg = Release|Any CPU
		{341A80CF-4233-4406-9E5C-C01F15C4770C}.Release|Any CPU.Build.0 = Release|Any CPU
		{341A80CF-4233-4406-9E5C-C01F15C4770C}.Release|x64.ActiveCfg = Release|x64
		{341A80CF-4233-4406-9E5C-C01F15C4770C}.Release|x64.Build.0 = Release|x64
		{341A80CF-4233-4406-9E5C-C01F15C4770C}.Release|x86.ActiveCfg = Release|x86
		{341A80CF-4233-4406-9E5C-C01F15C4770C}.Release|x86.Build.0 = Release|x86
		{BFC36EC7-CB38-47DF-840D-BB121C0ACDD6}.Debug|Any CPU.ActiveCfg = Debug|Any CPU
		{BFC36EC7-CB38-47DF-840D-BB121C0ACDD6}.Debug|Any CPU.Build.0 = Debug|Any CPU
		{BFC36EC7-CB38-47DF-840D-BB121C0ACDD6}.Debug|x64.ActiveCfg = Debug|Any CPU
		{BFC36EC7-CB38-47DF-840D-BB121C0ACDD6}.Debug|x86.ActiveCfg = Debug|Any CPU
		{BFC36EC7-CB38-47DF-840D-BB121C0ACDD6}.Release|Any CPU.ActiveCfg = Release|Any CPU
		{BFC36EC7-CB38-47DF-840D-BB121C0ACDD6}.Release|Any CPU.Build.0 = Release|Any CPU
		{BFC36EC7-CB38-47DF-840D-BB121C0ACDD6}.Release|x64.ActiveCfg = Release|Any CPU
		{BFC36EC7-CB38-47DF-840D-BB121C0ACDD6}.Release|x86.ActiveCfg = Release|Any CPU
		{438EFEC6-60FC-4A13-B2D6-581A7CAB0504}.Debug|Any CPU.ActiveCfg = Debug|Any CPU
		{438EFEC6-60FC-4A13-B2D6-581A7CAB0504}.Debug|Any CPU.Build.0 = Debug|Any CPU
		{438EFEC6-60FC-4A13-B2D6-581A7CAB0504}.Debug|x64.ActiveCfg = Debug|Any CPU
		{438EFEC6-60FC-4A13-B2D6-581A7CAB0504}.Debug|x86.ActiveCfg = Debug|Any CPU
		{438EFEC6-60FC-4A13-B2D6-581A7CAB0504}.Release|Any CPU.ActiveCfg = Release|Any CPU
		{438EFEC6-60FC-4A13-B2D6-581A7CAB0504}.Release|Any CPU.Build.0 = Release|Any CPU
		{438EFEC6-60FC-4A13-B2D6-581A7CAB0504}.Release|x64.ActiveCfg = Release|Any CPU
		{438EFEC6-60FC-4A13-B2D6-581A7CAB0504}.Release|x86.ActiveCfg = Release|Any CPU
		{18D6D414-2068-4E31-898D-29BF140A5174}.Debug|Any CPU.ActiveCfg = Debug|Any CPU
		{18D6D414-2068-4E31-898D-29BF140A5174}.Debug|Any CPU.Build.0 = Debug|Any CPU
		{18D6D414-2068-4E31-898D-29BF140A5174}.Debug|x64.ActiveCfg = Debug|Any CPU
		{18D6D414-2068-4E31-898D-29BF140A5174}.Debug|x86.ActiveCfg = Debug|Any CPU
		{18D6D414-2068-4E31-898D-29BF140A5174}.Release|Any CPU.ActiveCfg = Release|Any CPU
		{18D6D414-2068-4E31-898D-29BF140A5174}.Release|Any CPU.Build.0 = Release|Any CPU
		{18D6D414-2068-4E31-898D-29BF140A5174}.Release|x64.ActiveCfg = Release|Any CPU
		{18D6D414-2068-4E31-898D-29BF140A5174}.Release|x86.ActiveCfg = Release|Any CPU
		{7596E900-49A6-404A-934B-F94AD8A1E128}.Debug|Any CPU.ActiveCfg = Debug|Any CPU
		{7596E900-49A6-404A-934B-F94AD8A1E128}.Debug|Any CPU.Build.0 = Debug|Any CPU
		{7596E900-49A6-404A-934B-F94AD8A1E128}.Debug|x64.ActiveCfg = Debug|Any CPU
		{7596E900-49A6-404A-934B-F94AD8A1E128}.Debug|x86.ActiveCfg = Debug|Any CPU
		{7596E900-49A6-404A-934B-F94AD8A1E128}.Release|Any CPU.ActiveCfg = Release|Any CPU
		{7596E900-49A6-404A-934B-F94AD8A1E128}.Release|Any CPU.Build.0 = Release|Any CPU
		{7596E900-49A6-404A-934B-F94AD8A1E128}.Release|x64.ActiveCfg = Release|Any CPU
		{7596E900-49A6-404A-934B-F94AD8A1E128}.Release|x86.ActiveCfg = Release|Any CPU
		{9EDBAC78-4631-4BB7-B178-2412D9D2697B}.Debug|Any CPU.ActiveCfg = Debug|Any CPU
		{9EDBAC78-4631-4BB7-B178-2412D9D2697B}.Debug|Any CPU.Build.0 = Debug|Any CPU
		{9EDBAC78-4631-4BB7-B178-2412D9D2697B}.Debug|x64.ActiveCfg = Debug|Any CPU
		{9EDBAC78-4631-4BB7-B178-2412D9D2697B}.Debug|x86.ActiveCfg = Debug|Any CPU
		{9EDBAC78-4631-4BB7-B178-2412D9D2697B}.Release|Any CPU.ActiveCfg = Release|Any CPU
		{9EDBAC78-4631-4BB7-B178-2412D9D2697B}.Release|Any CPU.Build.0 = Release|Any CPU
		{9EDBAC78-4631-4BB7-B178-2412D9D2697B}.Release|x64.ActiveCfg = Release|Any CPU
		{9EDBAC78-4631-4BB7-B178-2412D9D2697B}.Release|x86.ActiveCfg = Release|Any CPU
		{9764B8B3-28F1-4872-B5B4-72D7CD3490D0}.Debug|Any CPU.ActiveCfg = Debug|Any CPU
		{9764B8B3-28F1-4872-B5B4-72D7CD3490D0}.Debug|Any CPU.Build.0 = Debug|Any CPU
		{9764B8B3-28F1-4872-B5B4-72D7CD3490D0}.Debug|x64.ActiveCfg = Debug|Any CPU
		{9764B8B3-28F1-4872-B5B4-72D7CD3490D0}.Debug|x86.ActiveCfg = Debug|Any CPU
		{9764B8B3-28F1-4872-B5B4-72D7CD3490D0}.Release|Any CPU.ActiveCfg = Release|Any CPU
		{9764B8B3-28F1-4872-B5B4-72D7CD3490D0}.Release|Any CPU.Build.0 = Release|Any CPU
		{9764B8B3-28F1-4872-B5B4-72D7CD3490D0}.Release|x64.ActiveCfg = Release|Any CPU
		{9764B8B3-28F1-4872-B5B4-72D7CD3490D0}.Release|x86.ActiveCfg = Release|Any CPU
		{706DD18D-EB7F-4C46-BFF0-54E539E0FAE6}.Debug|Any CPU.ActiveCfg = Debug|Any CPU
		{706DD18D-EB7F-4C46-BFF0-54E539E0FAE6}.Debug|Any CPU.Build.0 = Debug|Any CPU
		{706DD18D-EB7F-4C46-BFF0-54E539E0FAE6}.Debug|x64.ActiveCfg = Debug|Any CPU
		{706DD18D-EB7F-4C46-BFF0-54E539E0FAE6}.Debug|x86.ActiveCfg = Debug|Any CPU
		{706DD18D-EB7F-4C46-BFF0-54E539E0FAE6}.Release|Any CPU.ActiveCfg = Release|Any CPU
		{706DD18D-EB7F-4C46-BFF0-54E539E0FAE6}.Release|Any CPU.Build.0 = Release|Any CPU
		{706DD18D-EB7F-4C46-BFF0-54E539E0FAE6}.Release|x64.ActiveCfg = Release|Any CPU
		{706DD18D-EB7F-4C46-BFF0-54E539E0FAE6}.Release|x86.ActiveCfg = Release|Any CPU
		{523E096B-B4C7-4CB0-9FED-80520CE1D9E2}.Debug|Any CPU.ActiveCfg = Debug|Any CPU
		{523E096B-B4C7-4CB0-9FED-80520CE1D9E2}.Debug|Any CPU.Build.0 = Debug|Any CPU
		{523E096B-B4C7-4CB0-9FED-80520CE1D9E2}.Debug|x64.ActiveCfg = Debug|Any CPU
		{523E096B-B4C7-4CB0-9FED-80520CE1D9E2}.Debug|x86.ActiveCfg = Debug|Any CPU
		{523E096B-B4C7-4CB0-9FED-80520CE1D9E2}.Release|Any CPU.ActiveCfg = Release|Any CPU
		{523E096B-B4C7-4CB0-9FED-80520CE1D9E2}.Release|Any CPU.Build.0 = Release|Any CPU
		{523E096B-B4C7-4CB0-9FED-80520CE1D9E2}.Release|x64.ActiveCfg = Release|Any CPU
		{523E096B-B4C7-4CB0-9FED-80520CE1D9E2}.Release|x86.ActiveCfg = Release|Any CPU
		{B9F564B4-E595-42C7-94B0-ACCED046AB3B}.Debug|Any CPU.ActiveCfg = Debug|Any CPU
		{B9F564B4-E595-42C7-94B0-ACCED046AB3B}.Debug|Any CPU.Build.0 = Debug|Any CPU
		{B9F564B4-E595-42C7-94B0-ACCED046AB3B}.Debug|x64.ActiveCfg = Debug|Any CPU
		{B9F564B4-E595-42C7-94B0-ACCED046AB3B}.Debug|x86.ActiveCfg = Debug|Any CPU
		{B9F564B4-E595-42C7-94B0-ACCED046AB3B}.Release|Any CPU.ActiveCfg = Release|Any CPU
		{B9F564B4-E595-42C7-94B0-ACCED046AB3B}.Release|Any CPU.Build.0 = Release|Any CPU
		{B9F564B4-E595-42C7-94B0-ACCED046AB3B}.Release|x64.ActiveCfg = Release|Any CPU
		{B9F564B4-E595-42C7-94B0-ACCED046AB3B}.Release|x86.ActiveCfg = Release|Any CPU
		{3C92FA55-2C03-4A7A-B31C-010AE5C266BB}.Debug|Any CPU.ActiveCfg = Debug|Any CPU
		{3C92FA55-2C03-4A7A-B31C-010AE5C266BB}.Debug|Any CPU.Build.0 = Debug|Any CPU
		{3C92FA55-2C03-4A7A-B31C-010AE5C266BB}.Debug|x64.ActiveCfg = Debug|Any CPU
		{3C92FA55-2C03-4A7A-B31C-010AE5C266BB}.Debug|x86.ActiveCfg = Debug|Any CPU
		{3C92FA55-2C03-4A7A-B31C-010AE5C266BB}.Release|Any CPU.ActiveCfg = Release|Any CPU
		{3C92FA55-2C03-4A7A-B31C-010AE5C266BB}.Release|Any CPU.Build.0 = Release|Any CPU
		{3C92FA55-2C03-4A7A-B31C-010AE5C266BB}.Release|x64.ActiveCfg = Release|Any CPU
		{3C92FA55-2C03-4A7A-B31C-010AE5C266BB}.Release|x86.ActiveCfg = Release|Any CPU
		{64550021-3C34-4513-9123-943430EE6F0F}.Debug|Any CPU.ActiveCfg = Debug|Any CPU
		{64550021-3C34-4513-9123-943430EE6F0F}.Debug|Any CPU.Build.0 = Debug|Any CPU
		{64550021-3C34-4513-9123-943430EE6F0F}.Debug|x64.ActiveCfg = Debug|Any CPU
		{64550021-3C34-4513-9123-943430EE6F0F}.Debug|x86.ActiveCfg = Debug|Any CPU
		{64550021-3C34-4513-9123-943430EE6F0F}.Release|Any CPU.ActiveCfg = Release|Any CPU
		{64550021-3C34-4513-9123-943430EE6F0F}.Release|Any CPU.Build.0 = Release|Any CPU
		{64550021-3C34-4513-9123-943430EE6F0F}.Release|x64.ActiveCfg = Release|Any CPU
		{64550021-3C34-4513-9123-943430EE6F0F}.Release|x86.ActiveCfg = Release|Any CPU
		{B09A553B-337A-4C80-BE7E-A5E420B88208}.Debug|Any CPU.ActiveCfg = All
		{B09A553B-337A-4C80-BE7E-A5E420B88208}.Debug|Any CPU.Build.0 = All
		{B09A553B-337A-4C80-BE7E-A5E420B88208}.Debug|x64.ActiveCfg = All
		{B09A553B-337A-4C80-BE7E-A5E420B88208}.Debug|x64.Build.0 = All
		{B09A553B-337A-4C80-BE7E-A5E420B88208}.Debug|x86.ActiveCfg = All
		{B09A553B-337A-4C80-BE7E-A5E420B88208}.Debug|x86.Build.0 = All
		{B09A553B-337A-4C80-BE7E-A5E420B88208}.Release|Any CPU.ActiveCfg = All
		{B09A553B-337A-4C80-BE7E-A5E420B88208}.Release|Any CPU.Build.0 = All
		{B09A553B-337A-4C80-BE7E-A5E420B88208}.Release|x64.ActiveCfg = All
		{B09A553B-337A-4C80-BE7E-A5E420B88208}.Release|x64.Build.0 = All
		{B09A553B-337A-4C80-BE7E-A5E420B88208}.Release|x86.ActiveCfg = All
		{B09A553B-337A-4C80-BE7E-A5E420B88208}.Release|x86.Build.0 = All
		{5F40C65E-6936-40B6-BF98-1004523F05C4}.Debug|Any CPU.ActiveCfg = Debug|Any CPU
		{5F40C65E-6936-40B6-BF98-1004523F05C4}.Debug|Any CPU.Build.0 = Debug|Any CPU
		{5F40C65E-6936-40B6-BF98-1004523F05C4}.Debug|x64.ActiveCfg = Debug|Any CPU
		{5F40C65E-6936-40B6-BF98-1004523F05C4}.Debug|x86.ActiveCfg = Debug|Any CPU
		{5F40C65E-6936-40B6-BF98-1004523F05C4}.Release|Any CPU.ActiveCfg = Release|Any CPU
		{5F40C65E-6936-40B6-BF98-1004523F05C4}.Release|Any CPU.Build.0 = Release|Any CPU
		{5F40C65E-6936-40B6-BF98-1004523F05C4}.Release|x64.ActiveCfg = Release|Any CPU
		{5F40C65E-6936-40B6-BF98-1004523F05C4}.Release|x86.ActiveCfg = Release|Any CPU
		{4C3C2483-8C08-4698-B7DD-541BDF8C104A}.Debug|Any CPU.ActiveCfg = Debug|Any CPU
		{4C3C2483-8C08-4698-B7DD-541BDF8C104A}.Debug|Any CPU.Build.0 = Debug|Any CPU
		{4C3C2483-8C08-4698-B7DD-541BDF8C104A}.Debug|x64.ActiveCfg = Debug|Any CPU
		{4C3C2483-8C08-4698-B7DD-541BDF8C104A}.Debug|x86.ActiveCfg = Debug|Any CPU
		{4C3C2483-8C08-4698-B7DD-541BDF8C104A}.Release|Any CPU.ActiveCfg = Release|Any CPU
		{4C3C2483-8C08-4698-B7DD-541BDF8C104A}.Release|Any CPU.Build.0 = Release|Any CPU
		{4C3C2483-8C08-4698-B7DD-541BDF8C104A}.Release|x64.ActiveCfg = Release|Any CPU
		{4C3C2483-8C08-4698-B7DD-541BDF8C104A}.Release|x86.ActiveCfg = Release|Any CPU
		{5F6CB577-FFE9-41CC-8D10-3E6FD9B23B31}.Debug|Any CPU.ActiveCfg = Debug|Any CPU
		{5F6CB577-FFE9-41CC-8D10-3E6FD9B23B31}.Debug|Any CPU.Build.0 = Debug|Any CPU
		{5F6CB577-FFE9-41CC-8D10-3E6FD9B23B31}.Debug|x64.ActiveCfg = Debug|Any CPU
		{5F6CB577-FFE9-41CC-8D10-3E6FD9B23B31}.Debug|x86.ActiveCfg = Debug|Any CPU
		{5F6CB577-FFE9-41CC-8D10-3E6FD9B23B31}.Release|Any CPU.ActiveCfg = Release|Any CPU
		{5F6CB577-FFE9-41CC-8D10-3E6FD9B23B31}.Release|Any CPU.Build.0 = Release|Any CPU
		{5F6CB577-FFE9-41CC-8D10-3E6FD9B23B31}.Release|x64.ActiveCfg = Release|Any CPU
		{5F6CB577-FFE9-41CC-8D10-3E6FD9B23B31}.Release|x86.ActiveCfg = Release|Any CPU
	EndGlobalSection
	GlobalSection(SolutionProperties) = preSolution
		HideSolutionNode = FALSE
	EndGlobalSection
EndGlobal
